
Microsoft Visual Studio Solution File, Format Version 11.00
# Visual Studio 2010
Project("{FAE04EC0-301F-11D3-BF4B-00C04F79EFBC}") = "Alarm", "Alarm\Alarm.csproj", "{37BA4416-F3FD-470B-A898-8BCD113BA55F}"
EndProject
Global
	GlobalSection(SolutionConfigurationPlatforms) = preSolution
		Debug|x86 = Debug|x86
		Release|x86 = Release|x86
	EndGlobalSection
	GlobalSection(ProjectConfigurationPlatforms) = postSolution
		{37BA4416-F3FD-470B-A898-8BCD113BA55F}.Debug|x86.ActiveCfg = Debug|x86
		{37BA4416-F3FD-470B-A898-8BCD113BA55F}.Debug|x86.Build.0 = Debug|x86
		{37BA4416-F3FD-470B-A898-8BCD113BA55F}.Release|x86.ActiveCfg = Release|x86
		{37BA4416-F3FD-470B-A898-8BCD113BA55F}.Release|x86.Build.0 = Release|x86
	EndGlobalSection
	GlobalSection(SolutionProperties) = preSolution
		HideSolutionNode = FALSE
	EndGlobalSection
EndGlobal
